<?xml version="1.0" encoding="UTF-8"?>
<CONFIG>
  <ProjectOptions>
    <Version Value="12"/>
    <PathDelim Value="\"/>
    <General>
      <Flags>
        <CompatibilityMode Value="True"/>
      </Flags>
      <SessionStorage Value="InProjectDir"/>
      <Title Value="corona"/>
      <Scaled Value="True"/>
      <ResourceType Value="res"/>
      <UseXPManifest Value="True"/>
      <XPManifest>
        <DpiAware Value="True"/>
      </XPManifest>
      <Icon Value="0"/>
    </General>
    <BuildModes Count="1">
      <Item1 Name="Default" Default="True"/>
    </BuildModes>
    <PublishOptions>
      <Version Value="2"/>
      <UseFileFilters Value="True"/>
    </PublishOptions>
    <RunParams>
      <FormatVersion Value="2"/>
    </RunParams>
    <RequiredPackages Count="2">
      <Item1>
        <PackageName Value="TAChartLazarusPkg"/>
      </Item1>
      <Item2>
        <PackageName Value="LCL"/>
      </Item2>
    </RequiredPackages>
    <Units Count="10">
      <Unit0>
        <Filename Value="corona.lpr"/>
        <IsPartOfProject Value="True"/>
      </Unit0>
      <Unit1>
        <Filename Value="cmain.pas"/>
        <IsPartOfProject Value="True"/>
        <ComponentName Value="MainForm"/>
        <HasResources Value="True"/>
        <ResourceBaseClass Value="Form"/>
        <UnitName Value="cMain"/>
      </Unit1>
      <Unit2>
        <Filename Value="cabout.pas"/>
        <IsPartOfProject Value="True"/>
        <ComponentName Value="AboutForm"/>
        <HasResources Value="True"/>
        <ResourceBaseClass Value="Form"/>
        <UnitName Value="cAbout"/>
      </Unit2>
      <Unit3>
        <Filename Value="cdownloader.pas"/>
        <IsPartOfProject Value="True"/>
        <UnitName Value="cDownloader"/>
      </Unit3>
      <Unit4>
        <Filename Value="crobertkochinstitut.pas"/>
        <IsPartOfProject Value="True"/>
        <UnitName Value="cRobertKochInstitut"/>
      </Unit4>
      <Unit5>
        <Filename Value="cdatasource.pas"/>
        <IsPartOfProject Value="True"/>
        <UnitName Value="cDataSource"/>
      </Unit5>
      <Unit6>
        <Filename Value="cjohnshopkinsuniversity.pas"/>
        <IsPartOfProject Value="True"/>
        <UnitName Value="cJohnsHopkinsUniversity"/>
      </Unit6>
      <Unit7>
        <Filename Value="cglobal.pas"/>
        <IsPartOfProject Value="True"/>
        <UnitName Value="cGlobal"/>
      </Unit7>
      <Unit8>
        <Filename Value="cseries.pas"/>
        <IsPartOfProject Value="True"/>
        <UnitName Value="cSeries"/>
      </Unit8>
      <Unit9>
        <Filename Value="cutils.pas"/>
        <IsPartOfProject Value="True"/>
        <UnitName Value="cUtils"/>
      </Unit9>
    </Units>
  </ProjectOptions>
  <CompilerOptions>
    <Version Value="11"/>
    <PathDelim Value="\"/>
    <Target>
      <Filename Value="..\corona"/>
    </Target>
    <SearchPaths>
      <IncludeFiles Value="$(ProjOutDir)"/>
      <OtherUnitFiles Value="thirdparty"/>
      <UnitOutputDirectory Value="..\ppu\$(TargetCPU)-$(TargetOS)"/>
    </SearchPaths>
    <Parsing>
      <SyntaxOptions>
        <IncludeAssertionCode Value="True"/>
      </SyntaxOptions>
    </Parsing>
    <CodeGeneration>
      <Checks>
        <IOChecks Value="True"/>
        <RangeChecks Value="True"/>
        <OverflowChecks Value="True"/>
        <StackChecks Value="True"/>
      </Checks>
      <VerifyObjMethodCallValidity Value="True"/>
    </CodeGeneration>
    <Linking>
      <Debugging>
        <DebugInfoType Value="dsDwarf2"/>
      </Debugging>
      <Options>
        <Win32>
          <GraphicApplication Value="True"/>
        </Win32>
      </Options>
    </Linking>
  </CompilerOptions>
  <Debugging>
    <Exceptions Count="3">
      <Item1>
        <Name Value="EAbort"/>
      </Item1>
      <Item2>
        <Name Value="ECodetoolError"/>
      </Item2>
      <Item3>
        <Name Value="EFOpenError"/>
      </Item3>
    </Exceptions>
  </Debugging>
</CONFIG>
